Microsoft Visual Studio Solution File, Format Version 11.00
# Visual Studio 2008

Project("{E22E6858-64AC-5666-B7A7-060C519A9F7C}") = "Mana Clash", "Assembly-CSharp-firstpass.csproj", "{86344B3B-A1A4-3B6F-6FFA-8C5B0FCA0E19}"
EndProject
Project("{E22E6858-64AC-5666-B7A7-060C519A9F7C}") = "Mana Clash", "Assembly-CSharp.csproj", "{72991CEB-5599-F656-3D63-BDA8B2665F26}"
EndProject
Project("{E22E6858-64AC-5666-B7A7-060C519A9F7C}") = "Mana Clash", "Assembly-CSharp-Editor.csproj", "{368D16D2-DD78-9547-C104-375A8D1E8EC5}"
EndProject
Global
	GlobalSection(SolutionConfigurationPlatforms) = preSolution
		Debug|Any CPU = Debug|Any CPU
		Release|Any CPU = Release|Any CPU
	EndGlobalSection
	GlobalSection(ProjectConfigurationPlatforms) = postSolution
		{86344B3B-A1A4-3B6F-6FFA-8C5B0FCA0E19}.Debug|Any CPU.ActiveCfg = Debug|Any CPU
		{86344B3B-A1A4-3B6F-6FFA-8C5B0FCA0E19}.Debug|Any CPU.Build.0 = Debug|Any CPU
		{86344B3B-A1A4-3B6F-6FFA-8C5B0FCA0E19}.Release|Any CPU.ActiveCfg = Release|Any CPU
		{86344B3B-A1A4-3B6F-6FFA-8C5B0FCA0E19}.Release|Any CPU.Build.0 = Release|Any CPU
		{72991CEB-5599-F656-3D63-BDA8B2665F26}.Debug|Any CPU.ActiveCfg = Debug|Any CPU
		{72991CEB-5599-F656-3D63-BDA8B2665F26}.Debug|Any CPU.Build.0 = Debug|Any CPU
		{72991CEB-5599-F656-3D63-BDA8B2665F26}.Release|Any CPU.ActiveCfg = Release|Any CPU
		{72991CEB-5599-F656-3D63-BDA8B2665F26}.Release|Any CPU.Build.0 = Release|Any CPU
		{368D16D2-DD78-9547-C104-375A8D1E8EC5}.Debug|Any CPU.ActiveCfg = Debug|Any CPU
		{368D16D2-DD78-9547-C104-375A8D1E8EC5}.Debug|Any CPU.Build.0 = Debug|Any CPU
		{368D16D2-DD78-9547-C104-375A8D1E8EC5}.Release|Any CPU.ActiveCfg = Release|Any CPU
		{368D16D2-DD78-9547-C104-375A8D1E8EC5}.Release|Any CPU.Build.0 = Release|Any CPU
	EndGlobalSection
	GlobalSection(SolutionProperties) = preSolution
		HideSolutionNode = FALSE
	EndGlobalSection
	GlobalSection(MonoDevelopProperties) = preSolution
		StartupItem = Assembly-CSharp.csproj
	EndGlobalSection
EndGlobal
